{
  "R": {
    "Version": "4.1.3",
    "Repositories": [
      {
        "Name": "CRAN",
        "URL": "https://cran.rstudio.com"
      }
    ]
  },
  "Packages": {
    "renv": {
      "Package": "renv",
      "Version": "0.14.0-8",
      "Source": "Repository",
      "Repository": "https://rstudio.r-universe.dev",
      "RemoteUrl": "https://github.com/rstudio/renv",
      "RemoteRef": "HEAD",
      "RemoteSha": "4642f5dc7058e067438966ef99a28c0b84fd87c8",
      "Hash": "c59612d0c340aa55ed11b6cec9024711"
    }
  }
}
